// !$*UTF8*$!
{
	archiveVersion = 1;
	classes = {
	};
	objectVersion = 56;
	objects = {

/* Begin PBXBuildFile section */
		1C13A2092A6D44590023B72E /* 배열의_원소만큼_추가하기.swift in Sources */ = {isa = PBXBuildFile; fileRef = 1C13A2082A6D44590023B72E /* 배열의_원소만큼_추가하기.swift */; };
		1C13A20C2A6D44A10023B72E /* 원소들의_곱과_합.swift in Sources */ = {isa = PBXBuildFile; fileRef = 1C13A20B2A6D44A10023B72E /* 원소들의_곱과_합.swift */; };
		1C13A20E2A6D44ED0023B72E /* 조건에_맞게_수열_반환하기_1.swift in Sources */ = {isa = PBXBuildFile; fileRef = 1C13A20D2A6D44ED0023B72E /* 조건에_맞게_수열_반환하기_1.swift */; };
		1C13A2102A6D45610023B72E /* 조건에_맞게_수열_반환하기_2.swift in Sources */ = {isa = PBXBuildFile; fileRef = 1C13A20F2A6D45610023B72E /* 조건에_맞게_수열_반환하기_2.swift */; };
		1C13A2122A6D45BF0023B72E /* 이어_붙인_수.swift in Sources */ = {isa = PBXBuildFile; fileRef = 1C13A2112A6D45BF0023B72E /* 이어_붙인_수.swift */; };
		1C13A2142A6D45FD0023B72E /* 조건에_맞게_수열_반환하기_3.swift in Sources */ = {isa = PBXBuildFile; fileRef = 1C13A2132A6D45FD0023B72E /* 조건에_맞게_수열_반환하기_3.swift */; };
		1C13A2162A6E98CA0023B72E /* 정수_부분.swift in Sources */ = {isa = PBXBuildFile; fileRef = 1C13A2152A6E98CA0023B72E /* 정수_부분.swift */; };
		1C13A2182A6E990E0023B72E /* 공백으로_구분하기_1.swift in Sources */ = {isa = PBXBuildFile; fileRef = 1C13A2172A6E990E0023B72E /* 공백으로_구분하기_1.swift */; };
		1C13A21A2A6E99400023B72E /* 꼬리_문자열.swift in Sources */ = {isa = PBXBuildFile; fileRef = 1C13A2192A6E99400023B72E /* 꼬리_문자열.swift */; };
		1C13A21C2A6E99860023B72E /* 문자열_뒤의_n글자.swift in Sources */ = {isa = PBXBuildFile; fileRef = 1C13A21B2A6E99860023B72E /* 문자열_뒤의_n글자.swift */; };
		1C13A21E2A6E99C10023B72E /* 카운트_다운.swift in Sources */ = {isa = PBXBuildFile; fileRef = 1C13A21D2A6E99C10023B72E /* 카운트_다운.swift */; };
		1C3C92D82A7394BE00B0B5FC /* 마지막_두_원소.swift in Sources */ = {isa = PBXBuildFile; fileRef = 1C3C92D72A7394BE00B0B5FC /* 마지막_두_원소.swift */; };
		1C3C92DA2A7397C500B0B5FC /* 접미사인지_확인하기.swift in Sources */ = {isa = PBXBuildFile; fileRef = 1C3C92D92A7397C500B0B5FC /* 접미사인지_확인하기.swift */; };
		1C3C92DC2A73980400B0B5FC /* 주사위_게임_1.swift in Sources */ = {isa = PBXBuildFile; fileRef = 1C3C92DB2A73980400B0B5FC /* 주사위_게임_1.swift */; };
		1C3C92DE2A73983200B0B5FC /* 주사위_게임_2.swift in Sources */ = {isa = PBXBuildFile; fileRef = 1C3C92DD2A73983200B0B5FC /* 주사위_게임_2.swift */; };
		1C3C92E02A73988200B0B5FC /* 글자_이어_붙여_문자열_만들기.swift in Sources */ = {isa = PBXBuildFile; fileRef = 1C3C92DF2A73988200B0B5FC /* 글자_이어_붙여_문자열_만들기.swift */; };
		1C3C92E22A7398B200B0B5FC /* 문자열_정수의_합.swift in Sources */ = {isa = PBXBuildFile; fileRef = 1C3C92E12A7398B200B0B5FC /* 문자열_정수의_합.swift */; };
		1C3C92E42A755A6E00B0B5FC /* 문자열_겹쳐쓰기.swift in Sources */ = {isa = PBXBuildFile; fileRef = 1C3C92E32A755A6E00B0B5FC /* 문자열_겹쳐쓰기.swift */; };
		1C3C92E62A755A9F00B0B5FC /* 길이에_따른_연산.swift in Sources */ = {isa = PBXBuildFile; fileRef = 1C3C92E52A755A9F00B0B5FC /* 길이에_따른_연산.swift */; };
		1C3C92E82A755ACD00B0B5FC /* 배열_만들기_1.swift in Sources */ = {isa = PBXBuildFile; fileRef = 1C3C92E72A755ACD00B0B5FC /* 배열_만들기_1.swift */; };
		1C3C92EA2A755AFD00B0B5FC /* 배열_만들기_3.swift in Sources */ = {isa = PBXBuildFile; fileRef = 1C3C92E92A755AFD00B0B5FC /* 배열_만들기_3.swift */; };
		1C3C92EC2A755B5700B0B5FC /* 콜라츠_수열_만들기.swift in Sources */ = {isa = PBXBuildFile; fileRef = 1C3C92EB2A755B5700B0B5FC /* 콜라츠_수열_만들기.swift */; };
		1C3C92EE2A76ABB100B0B5FC /* 아이스_아메리카노.swift in Sources */ = {isa = PBXBuildFile; fileRef = 1C3C92ED2A76ABB100B0B5FC /* 아이스_아메리카노.swift */; };
		1C3C92F02A76ABE500B0B5FC /* 정수_찾기.swift in Sources */ = {isa = PBXBuildFile; fileRef = 1C3C92EF2A76ABE500B0B5FC /* 정수_찾기.swift */; };
		1C3C92F22A76AC2100B0B5FC /* rny_string.swift in Sources */ = {isa = PBXBuildFile; fileRef = 1C3C92F12A76AC2100B0B5FC /* rny_string.swift */; };
		1C3C92F42A76AC5000B0B5FC /* 수열과_구간_쿼리_2.swift in Sources */ = {isa = PBXBuildFile; fileRef = 1C3C92F32A76AC5000B0B5FC /* 수열과_구간_쿼리_2.swift */; };
		1C3C92F62A76AC8400B0B5FC /* 할_일_목록.swift in Sources */ = {isa = PBXBuildFile; fileRef = 1C3C92F52A76AC8400B0B5FC /* 할_일_목록.swift */; };
		1C3C92F82A76ACB100B0B5FC /* 뒤에서_5등_위로.swift in Sources */ = {isa = PBXBuildFile; fileRef = 1C3C92F72A76ACB100B0B5FC /* 뒤에서_5등_위로.swift */; };
		1C3C92FA2A76ACE100B0B5FC /* 순서_바꾸기.swift in Sources */ = {isa = PBXBuildFile; fileRef = 1C3C92F92A76ACE100B0B5FC /* 순서_바꾸기.swift */; };
		1CA90EAE2A6930B0001A7667 /* 두_수의_연산값_비교하기.swift in Sources */ = {isa = PBXBuildFile; fileRef = 1CA90EAD2A6930B0001A7667 /* 두_수의_연산값_비교하기.swift */; };
		1CA90EB02A693EB6001A7667 /* 홀짝에_따라_다른_값_반환하기.swift in Sources */ = {isa = PBXBuildFile; fileRef = 1CA90EAF2A693EB6001A7667 /* 홀짝에_따라_다른_값_반환하기.swift */; };
		1CA90EB22A693F09001A7667 /* 조건_문자열.swift in Sources */ = {isa = PBXBuildFile; fileRef = 1CA90EB12A693F09001A7667 /* 조건_문자열.swift */; };
		1CA90EB42A693F68001A7667 /* 코드_처리하기.swift in Sources */ = {isa = PBXBuildFile; fileRef = 1CA90EB32A693F68001A7667 /* 코드_처리하기.swift */; };
		1CA90EB62A693F9F001A7667 /* 카운트업.swift in Sources */ = {isa = PBXBuildFile; fileRef = 1CA90EB52A693F9F001A7667 /* 카운트업.swift */; };
		1CA90EB82A69400F001A7667 /* 문자_리스트를_문자열로_반환하기.swift in Sources */ = {isa = PBXBuildFile; fileRef = 1CA90EB72A69400F001A7667 /* 문자_리스트를_문자열로_반환하기.swift */; };
		1CA90EBA2A694043001A7667 /* 간단한_논리_연산.swift in Sources */ = {isa = PBXBuildFile; fileRef = 1CA90EB92A694043001A7667 /* 간단한_논리_연산.swift */; };
		1CA90EBC2A694090001A7667 /* 수_조작하기_1.swift in Sources */ = {isa = PBXBuildFile; fileRef = 1CA90EBB2A694090001A7667 /* 수_조작하기_1.swift */; };
		1CA90EBE2A6940AA001A7667 /* 수_조작하기_2.swift in Sources */ = {isa = PBXBuildFile; fileRef = 1CA90EBD2A6940AA001A7667 /* 수_조작하기_2.swift */; };
		1CC7E1EA2A77873300ECAC41 /* 원하는_문자열_찾기.swift in Sources */ = {isa = PBXBuildFile; fileRef = 1CC7E1E92A77873300ECAC41 /* 원하는_문자열_찾기.swift */; };
		1CC7E1EC2A77878100ECAC41 /* 점의_위치_구하기.swift in Sources */ = {isa = PBXBuildFile; fileRef = 1CC7E1EB2A77878100ECAC41 /* 점의_위치_구하기.swift */; };
		1CC7E1EE2A7787AD00ECAC41 /* 피자_나눠_먹기_1.swift in Sources */ = {isa = PBXBuildFile; fileRef = 1CC7E1ED2A7787AD00ECAC41 /* 피자_나눠_먹기_1.swift */; };
		1CC7E1F02A7787DC00ECAC41 /* 피자_나눠_먹기_2.swift in Sources */ = {isa = PBXBuildFile; fileRef = 1CC7E1EF2A7787DC00ECAC41 /* 피자_나눠_먹기_2.swift */; };
		1CC7E1F22A77880900ECAC41 /* 피자_나눠_먹기_3.swift in Sources */ = {isa = PBXBuildFile; fileRef = 1CC7E1F12A77880900ECAC41 /* 피자_나눠_먹기_3.swift */; };
		1CC7E1F42A78A1AA00ECAC41 /* 삼각형의_완성조건_1.swift in Sources */ = {isa = PBXBuildFile; fileRef = 1CC7E1F32A78A1AA00ECAC41 /* 삼각형의_완성조건_1.swift */; };
		1CC7E1F62A78A1E400ECAC41 /* 삼각형의_완성조건_2.swift in Sources */ = {isa = PBXBuildFile; fileRef = 1CC7E1F52A78A1E400ECAC41 /* 삼각형의_완성조건_2.swift */; };
		1CC7E1F82A78A21900ECAC41 /* 직각삼각형_출력하기.swift in Sources */ = {isa = PBXBuildFile; fileRef = 1CC7E1F72A78A21900ECAC41 /* 직각삼각형_출력하기.swift */; };
		1CC7E1FB2A78A24800ECAC41 /* n개_간격의_원소들.swift in Sources */ = {isa = PBXBuildFile; fileRef = 1CC7E1FA2A78A24800ECAC41 /* n개_간격의_원소들.swift */; };
		1CC7E1FD2A78A27F00ECAC41 /* 제곱수_판별하기.swift in Sources */ = {isa = PBXBuildFile; fileRef = 1CC7E1FC2A78A27F00ECAC41 /* 제곱수_판별하기.swift */; };
		1CC7E1FF2A78A2AC00ECAC41 /* 최댓값_만들기_1.swift in Sources */ = {isa = PBXBuildFile; fileRef = 1CC7E1FE2A78A2AC00ECAC41 /* 최댓값_만들기_1.swift */; };
		1CC7E2012A78A2DC00ECAC41 /* 최댓값_만들기_2.swift in Sources */ = {isa = PBXBuildFile; fileRef = 1CC7E2002A78A2DC00ECAC41 /* 최댓값_만들기_2.swift */; };
		1CC7E2032A78A3EE00ECAC41 /* 몫_구하기.swift in Sources */ = {isa = PBXBuildFile; fileRef = 1CC7E2022A78A3EE00ECAC41 /* 몫_구하기.swift */; };
		1CC7E2052A78A43500ECAC41 /* 최빈값_구하기.swift in Sources */ = {isa = PBXBuildFile; fileRef = 1CC7E2042A78A43500ECAC41 /* 최빈값_구하기.swift */; };
		1CC7E2072A78A76500ECAC41 /* 문자열 정렬하기_2.swift in Sources */ = {isa = PBXBuildFile; fileRef = 1CC7E2062A78A76500ECAC41 /* 문자열 정렬하기_2.swift */; };
		1CC7E2092A78A7D300ECAC41 /* 문자열_정렬하기_1.swift in Sources */ = {isa = PBXBuildFile; fileRef = 1CC7E2082A78A7D300ECAC41 /* 문자열_정렬하기_1.swift */; };
		1CFD572F2A67BF00005336D6 /* main.swift in Sources */ = {isa = PBXBuildFile; fileRef = 1CFD572E2A67BF00005336D6 /* main.swift */; };
		1CFD57392A67C280005336D6 /* 문자열_곱하기.swift in Sources */ = {isa = PBXBuildFile; fileRef = 1CFD57382A67C280005336D6 /* 문자열_곱하기.swift */; };
		1CFD573B2A67C5C4005336D6 /* 더_크게_합치기.swift in Sources */ = {isa = PBXBuildFile; fileRef = 1CFD573A2A67C5C4005336D6 /* 더_크게_합치기.swift */; };
		1CFD573D2A67C86A005336D6 /* 공배수.swift in Sources */ = {isa = PBXBuildFile; fileRef = 1CFD573C2A67C86A005336D6 /* 공배수.swift */; };
		1CFD573F2A67CCE2005336D6 /* Flag에_따라_다른_값_반환하기.swift in Sources */ = {isa = PBXBuildFile; fileRef = 1CFD573E2A67CCE2005336D6 /* Flag에_따라_다른_값_반환하기.swift */; };
/* End PBXBuildFile section */

/* Begin PBXCopyFilesBuildPhase section */
		1CFD57292A67BF00005336D6 /* CopyFiles */ = {
			isa = PBXCopyFilesBuildPhase;
			buildActionMask = 2147483647;
			dstPath = /usr/share/man/man1/;
			dstSubfolderSpec = 0;
			files = (
			);
			runOnlyForDeploymentPostprocessing = 1;
		};
/* End PBXCopyFilesBuildPhase section */

/* Begin PBXFileReference section */
		1C13A2082A6D44590023B72E /* 배열의_원소만큼_추가하기.swift */ = {isa = PBXFileReference; lastKnownFileType = sourcecode.swift; path = "배열의_원소만큼_추가하기.swift"; sourceTree = "<group>"; };
		1C13A20B2A6D44A10023B72E /* 원소들의_곱과_합.swift */ = {isa = PBXFileReference; lastKnownFileType = sourcecode.swift; path = "원소들의_곱과_합.swift"; sourceTree = "<group>"; };
		1C13A20D2A6D44ED0023B72E /* 조건에_맞게_수열_반환하기_1.swift */ = {isa = PBXFileReference; lastKnownFileType = sourcecode.swift; path = "조건에_맞게_수열_반환하기_1.swift"; sourceTree = "<group>"; };
		1C13A20F2A6D45610023B72E /* 조건에_맞게_수열_반환하기_2.swift */ = {isa = PBXFileReference; lastKnownFileType = sourcecode.swift; path = "조건에_맞게_수열_반환하기_2.swift"; sourceTree = "<group>"; };
		1C13A2112A6D45BF0023B72E /* 이어_붙인_수.swift */ = {isa = PBXFileReference; lastKnownFileType = sourcecode.swift; path = "이어_붙인_수.swift"; sourceTree = "<group>"; };
		1C13A2132A6D45FD0023B72E /* 조건에_맞게_수열_반환하기_3.swift */ = {isa = PBXFileReference; lastKnownFileType = sourcecode.swift; path = "조건에_맞게_수열_반환하기_3.swift"; sourceTree = "<group>"; };
		1C13A2152A6E98CA0023B72E /* 정수_부분.swift */ = {isa = PBXFileReference; lastKnownFileType = sourcecode.swift; path = "정수_부분.swift"; sourceTree = "<group>"; };
		1C13A2172A6E990E0023B72E /* 공백으로_구분하기_1.swift */ = {isa = PBXFileReference; lastKnownFileType = sourcecode.swift; path = "공백으로_구분하기_1.swift"; sourceTree = "<group>"; };
		1C13A2192A6E99400023B72E /* 꼬리_문자열.swift */ = {isa = PBXFileReference; lastKnownFileType = sourcecode.swift; path = "꼬리_문자열.swift"; sourceTree = "<group>"; };
		1C13A21B2A6E99860023B72E /* 문자열_뒤의_n글자.swift */ = {isa = PBXFileReference; lastKnownFileType = sourcecode.swift; path = "문자열_뒤의_n글자.swift"; sourceTree = "<group>"; };
		1C13A21D2A6E99C10023B72E /* 카운트_다운.swift */ = {isa = PBXFileReference; lastKnownFileType = sourcecode.swift; path = "카운트_다운.swift"; sourceTree = "<group>"; };
		1C3C92D72A7394BE00B0B5FC /* 마지막_두_원소.swift */ = {isa = PBXFileReference; lastKnownFileType = sourcecode.swift; path = "마지막_두_원소.swift"; sourceTree = "<group>"; };
		1C3C92D92A7397C500B0B5FC /* 접미사인지_확인하기.swift */ = {isa = PBXFileReference; lastKnownFileType = sourcecode.swift; path = "접미사인지_확인하기.swift"; sourceTree = "<group>"; };
		1C3C92DB2A73980400B0B5FC /* 주사위_게임_1.swift */ = {isa = PBXFileReference; lastKnownFileType = sourcecode.swift; path = "주사위_게임_1.swift"; sourceTree = "<group>"; };
		1C3C92DD2A73983200B0B5FC /* 주사위_게임_2.swift */ = {isa = PBXFileReference; lastKnownFileType = sourcecode.swift; path = "주사위_게임_2.swift"; sourceTree = "<group>"; };
		1C3C92DF2A73988200B0B5FC /* 글자_이어_붙여_문자열_만들기.swift */ = {isa = PBXFileReference; lastKnownFileType = sourcecode.swift; path = "글자_이어_붙여_문자열_만들기.swift"; sourceTree = "<group>"; };
		1C3C92E12A7398B200B0B5FC /* 문자열_정수의_합.swift */ = {isa = PBXFileReference; lastKnownFileType = sourcecode.swift; path = "문자열_정수의_합.swift"; sourceTree = "<group>"; };
		1C3C92E32A755A6E00B0B5FC /* 문자열_겹쳐쓰기.swift */ = {isa = PBXFileReference; lastKnownFileType = sourcecode.swift; path = "문자열_겹쳐쓰기.swift"; sourceTree = "<group>"; };
		1C3C92E52A755A9F00B0B5FC /* 길이에_따른_연산.swift */ = {isa = PBXFileReference; lastKnownFileType = sourcecode.swift; path = "길이에_따른_연산.swift"; sourceTree = "<group>"; };
		1C3C92E72A755ACD00B0B5FC /* 배열_만들기_1.swift */ = {isa = PBXFileReference; lastKnownFileType = sourcecode.swift; path = "배열_만들기_1.swift"; sourceTree = "<group>"; };
		1C3C92E92A755AFD00B0B5FC /* 배열_만들기_3.swift */ = {isa = PBXFileReference; lastKnownFileType = sourcecode.swift; path = "배열_만들기_3.swift"; sourceTree = "<group>"; };
		1C3C92EB2A755B5700B0B5FC /* 콜라츠_수열_만들기.swift */ = {isa = PBXFileReference; lastKnownFileType = sourcecode.swift; path = "콜라츠_수열_만들기.swift"; sourceTree = "<group>"; };
		1C3C92ED2A76ABB100B0B5FC /* 아이스_아메리카노.swift */ = {isa = PBXFileReference; lastKnownFileType = sourcecode.swift; path = "아이스_아메리카노.swift"; sourceTree = "<group>"; };
		1C3C92EF2A76ABE500B0B5FC /* 정수_찾기.swift */ = {isa = PBXFileReference; lastKnownFileType = sourcecode.swift; path = "정수_찾기.swift"; sourceTree = "<group>"; };
		1C3C92F12A76AC2100B0B5FC /* rny_string.swift */ = {isa = PBXFileReference; lastKnownFileType = sourcecode.swift; path = rny_string.swift; sourceTree = "<group>"; };
		1C3C92F32A76AC5000B0B5FC /* 수열과_구간_쿼리_2.swift */ = {isa = PBXFileReference; lastKnownFileType = sourcecode.swift; path = "수열과_구간_쿼리_2.swift"; sourceTree = "<group>"; };
		1C3C92F52A76AC8400B0B5FC /* 할_일_목록.swift */ = {isa = PBXFileReference; lastKnownFileType = sourcecode.swift; path = "할_일_목록.swift"; sourceTree = "<group>"; };
		1C3C92F72A76ACB100B0B5FC /* 뒤에서_5등_위로.swift */ = {isa = PBXFileReference; lastKnownFileType = sourcecode.swift; path = "뒤에서_5등_위로.swift"; sourceTree = "<group>"; };
		1C3C92F92A76ACE100B0B5FC /* 순서_바꾸기.swift */ = {isa = PBXFileReference; lastKnownFileType = sourcecode.swift; path = "순서_바꾸기.swift"; sourceTree = "<group>"; };
		1CA90EAD2A6930B0001A7667 /* 두_수의_연산값_비교하기.swift */ = {isa = PBXFileReference; lastKnownFileType = sourcecode.swift; path = "두_수의_연산값_비교하기.swift"; sourceTree = "<group>"; };
		1CA90EAF2A693EB6001A7667 /* 홀짝에_따라_다른_값_반환하기.swift */ = {isa = PBXFileReference; lastKnownFileType = sourcecode.swift; path = "홀짝에_따라_다른_값_반환하기.swift"; sourceTree = "<group>"; };
		1CA90EB12A693F09001A7667 /* 조건_문자열.swift */ = {isa = PBXFileReference; lastKnownFileType = sourcecode.swift; path = "조건_문자열.swift"; sourceTree = "<group>"; };
		1CA90EB32A693F68001A7667 /* 코드_처리하기.swift */ = {isa = PBXFileReference; lastKnownFileType = sourcecode.swift; path = "코드_처리하기.swift"; sourceTree = "<group>"; };
		1CA90EB52A693F9F001A7667 /* 카운트업.swift */ = {isa = PBXFileReference; lastKnownFileType = sourcecode.swift; path = "카운트업.swift"; sourceTree = "<group>"; };
		1CA90EB72A69400F001A7667 /* 문자_리스트를_문자열로_반환하기.swift */ = {isa = PBXFileReference; lastKnownFileType = sourcecode.swift; path = "문자_리스트를_문자열로_반환하기.swift"; sourceTree = "<group>"; };
		1CA90EB92A694043001A7667 /* 간단한_논리_연산.swift */ = {isa = PBXFileReference; lastKnownFileType = sourcecode.swift; path = "간단한_논리_연산.swift"; sourceTree = "<group>"; };
		1CA90EBB2A694090001A7667 /* 수_조작하기_1.swift */ = {isa = PBXFileReference; lastKnownFileType = sourcecode.swift; path = "수_조작하기_1.swift"; sourceTree = "<group>"; };
		1CA90EBD2A6940AA001A7667 /* 수_조작하기_2.swift */ = {isa = PBXFileReference; lastKnownFileType = sourcecode.swift; path = "수_조작하기_2.swift"; sourceTree = "<group>"; };
		1CC7E1E92A77873300ECAC41 /* 원하는_문자열_찾기.swift */ = {isa = PBXFileReference; lastKnownFileType = sourcecode.swift; path = "원하는_문자열_찾기.swift"; sourceTree = "<group>"; };
		1CC7E1EB2A77878100ECAC41 /* 점의_위치_구하기.swift */ = {isa = PBXFileReference; lastKnownFileType = sourcecode.swift; path = "점의_위치_구하기.swift"; sourceTree = "<group>"; };
		1CC7E1ED2A7787AD00ECAC41 /* 피자_나눠_먹기_1.swift */ = {isa = PBXFileReference; lastKnownFileType = sourcecode.swift; path = "피자_나눠_먹기_1.swift"; sourceTree = "<group>"; };
		1CC7E1EF2A7787DC00ECAC41 /* 피자_나눠_먹기_2.swift */ = {isa = PBXFileReference; lastKnownFileType = sourcecode.swift; path = "피자_나눠_먹기_2.swift"; sourceTree = "<group>"; };
		1CC7E1F12A77880900ECAC41 /* 피자_나눠_먹기_3.swift */ = {isa = PBXFileReference; lastKnownFileType = sourcecode.swift; path = "피자_나눠_먹기_3.swift"; sourceTree = "<group>"; };
		1CC7E1F32A78A1AA00ECAC41 /* 삼각형의_완성조건_1.swift */ = {isa = PBXFileReference; lastKnownFileType = sourcecode.swift; path = "삼각형의_완성조건_1.swift"; sourceTree = "<group>"; };
		1CC7E1F52A78A1E400ECAC41 /* 삼각형의_완성조건_2.swift */ = {isa = PBXFileReference; lastKnownFileType = sourcecode.swift; path = "삼각형의_완성조건_2.swift"; sourceTree = "<group>"; };
		1CC7E1F72A78A21900ECAC41 /* 직각삼각형_출력하기.swift */ = {isa = PBXFileReference; lastKnownFileType = sourcecode.swift; path = "직각삼각형_출력하기.swift"; sourceTree = "<group>"; };
		1CC7E1FA2A78A24800ECAC41 /* n개_간격의_원소들.swift */ = {isa = PBXFileReference; lastKnownFileType = sourcecode.swift; path = "n개_간격의_원소들.swift"; sourceTree = "<group>"; };
		1CC7E1FC2A78A27F00ECAC41 /* 제곱수_판별하기.swift */ = {isa = PBXFileReference; lastKnownFileType = sourcecode.swift; path = "제곱수_판별하기.swift"; sourceTree = "<group>"; };
		1CC7E1FE2A78A2AC00ECAC41 /* 최댓값_만들기_1.swift */ = {isa = PBXFileReference; lastKnownFileType = sourcecode.swift; path = "최댓값_만들기_1.swift"; sourceTree = "<group>"; };
		1CC7E2002A78A2DC00ECAC41 /* 최댓값_만들기_2.swift */ = {isa = PBXFileReference; lastKnownFileType = sourcecode.swift; path = "최댓값_만들기_2.swift"; sourceTree = "<group>"; };
		1CC7E2022A78A3EE00ECAC41 /* 몫_구하기.swift */ = {isa = PBXFileReference; lastKnownFileType = sourcecode.swift; path = "몫_구하기.swift"; sourceTree = "<group>"; };
		1CC7E2042A78A43500ECAC41 /* 최빈값_구하기.swift */ = {isa = PBXFileReference; lastKnownFileType = sourcecode.swift; path = "최빈값_구하기.swift"; sourceTree = "<group>"; };
		1CC7E2062A78A76500ECAC41 /* 문자열 정렬하기_2.swift */ = {isa = PBXFileReference; lastKnownFileType = sourcecode.swift; path = "문자열 정렬하기_2.swift"; sourceTree = "<group>"; };
		1CC7E2082A78A7D300ECAC41 /* 문자열_정렬하기_1.swift */ = {isa = PBXFileReference; lastKnownFileType = sourcecode.swift; path = "문자열_정렬하기_1.swift"; sourceTree = "<group>"; };
		1CFD572B2A67BF00005336D6 /* SwiftKick */ = {isa = PBXFileReference; explicitFileType = "compiled.mach-o.executable"; includeInIndex = 0; path = SwiftKick; sourceTree = BUILT_PRODUCTS_DIR; };
		1CFD572E2A67BF00005336D6 /* main.swift */ = {isa = PBXFileReference; lastKnownFileType = sourcecode.swift; path = main.swift; sourceTree = "<group>"; };
		1CFD57352A67BF62005336D6 /* README.md */ = {isa = PBXFileReference; lastKnownFileType = net.daringfireball.markdown; path = README.md; sourceTree = "<group>"; };
		1CFD57382A67C280005336D6 /* 문자열_곱하기.swift */ = {isa = PBXFileReference; lastKnownFileType = sourcecode.swift; path = "문자열_곱하기.swift"; sourceTree = "<group>"; };
		1CFD573A2A67C5C4005336D6 /* 더_크게_합치기.swift */ = {isa = PBXFileReference; lastKnownFileType = sourcecode.swift; path = "더_크게_합치기.swift"; sourceTree = "<group>"; };
		1CFD573C2A67C86A005336D6 /* 공배수.swift */ = {isa = PBXFileReference; lastKnownFileType = sourcecode.swift; path = "공배수.swift"; sourceTree = "<group>"; };
		1CFD573E2A67CCE2005336D6 /* Flag에_따라_다른_값_반환하기.swift */ = {isa = PBXFileReference; lastKnownFileType = sourcecode.swift; path = "Flag에_따라_다른_값_반환하기.swift"; sourceTree = "<group>"; };
/* End PBXFileReference section */

/* Begin PBXFrameworksBuildPhase section */
		1CFD57282A67BF00005336D6 /* Frameworks */ = {
			isa = PBXFrameworksBuildPhase;
			buildActionMask = 2147483647;
			files = (
			);
			runOnlyForDeploymentPostprocessing = 0;
		};
/* End PBXFrameworksBuildPhase section */

/* Begin PBXGroup section */
		1CFD57222A67BF00005336D6 = {
			isa = PBXGroup;
			children = (
				1CFD57352A67BF62005336D6 /* README.md */,
				1CFD572D2A67BF00005336D6 /* SwiftKick */,
				1CFD572C2A67BF00005336D6 /* Products */,
			);
			sourceTree = "<group>";
		};
		1CFD572C2A67BF00005336D6 /* Products */ = {
			isa = PBXGroup;
			children = (
				1CFD572B2A67BF00005336D6 /* SwiftKick */,
			);
			name = Products;
			sourceTree = "<group>";
		};
		1CFD572D2A67BF00005336D6 /* SwiftKick */ = {
			isa = PBXGroup;
			children = (
				1CFD57362A67C1E3005336D6 /* Programmers */,
				1CFD572E2A67BF00005336D6 /* main.swift */,
			);
			path = SwiftKick;
			sourceTree = "<group>";
		};
		1CFD57362A67C1E3005336D6 /* Programmers */ = {
			isa = PBXGroup;
			children = (
				1CFD57372A67C1EC005336D6 /* BeginnerLevel */,
			);
			path = Programmers;
			sourceTree = "<group>";
		};
		1CFD57372A67C1EC005336D6 /* BeginnerLevel */ = {
			isa = PBXGroup;
			children = (
				1CFD57382A67C280005336D6 /* 문자열_곱하기.swift */,
				1CFD573A2A67C5C4005336D6 /* 더_크게_합치기.swift */,
				1CFD573C2A67C86A005336D6 /* 공배수.swift */,
				1CFD573E2A67CCE2005336D6 /* Flag에_따라_다른_값_반환하기.swift */,
				1CA90EAD2A6930B0001A7667 /* 두_수의_연산값_비교하기.swift */,
				1CA90EAF2A693EB6001A7667 /* 홀짝에_따라_다른_값_반환하기.swift */,
				1CA90EB12A693F09001A7667 /* 조건_문자열.swift */,
				1CA90EB32A693F68001A7667 /* 코드_처리하기.swift */,
				1CA90EB52A693F9F001A7667 /* 카운트업.swift */,
				1CA90EB72A69400F001A7667 /* 문자_리스트를_문자열로_반환하기.swift */,
				1CA90EB92A694043001A7667 /* 간단한_논리_연산.swift */,
				1CA90EBB2A694090001A7667 /* 수_조작하기_1.swift */,
				1CA90EBD2A6940AA001A7667 /* 수_조작하기_2.swift */,
				1C13A2082A6D44590023B72E /* 배열의_원소만큼_추가하기.swift */,
				1C13A20B2A6D44A10023B72E /* 원소들의_곱과_합.swift */,
				1C13A20D2A6D44ED0023B72E /* 조건에_맞게_수열_반환하기_1.swift */,
				1C13A20F2A6D45610023B72E /* 조건에_맞게_수열_반환하기_2.swift */,
				1C13A2112A6D45BF0023B72E /* 이어_붙인_수.swift */,
				1C13A2132A6D45FD0023B72E /* 조건에_맞게_수열_반환하기_3.swift */,
				1C13A2152A6E98CA0023B72E /* 정수_부분.swift */,
				1C13A2172A6E990E0023B72E /* 공백으로_구분하기_1.swift */,
				1C13A2192A6E99400023B72E /* 꼬리_문자열.swift */,
				1C13A21B2A6E99860023B72E /* 문자열_뒤의_n글자.swift */,
				1C13A21D2A6E99C10023B72E /* 카운트_다운.swift */,
				1C3C92D72A7394BE00B0B5FC /* 마지막_두_원소.swift */,
				1C3C92D92A7397C500B0B5FC /* 접미사인지_확인하기.swift */,
				1C3C92DB2A73980400B0B5FC /* 주사위_게임_1.swift */,
				1C3C92DD2A73983200B0B5FC /* 주사위_게임_2.swift */,
				1C3C92DF2A73988200B0B5FC /* 글자_이어_붙여_문자열_만들기.swift */,
				1C3C92E12A7398B200B0B5FC /* 문자열_정수의_합.swift */,
				1C3C92E32A755A6E00B0B5FC /* 문자열_겹쳐쓰기.swift */,
				1C3C92E52A755A9F00B0B5FC /* 길이에_따른_연산.swift */,
				1C3C92E72A755ACD00B0B5FC /* 배열_만들기_1.swift */,
				1C3C92E92A755AFD00B0B5FC /* 배열_만들기_3.swift */,
				1CC7E2022A78A3EE00ECAC41 /* 몫_구하기.swift */,
				1CC7E2002A78A2DC00ECAC41 /* 최댓값_만들기_2.swift */,
				1C3C92EB2A755B5700B0B5FC /* 콜라츠_수열_만들기.swift */,
				1CC7E2042A78A43500ECAC41 /* 최빈값_구하기.swift */,
				1CC7E2082A78A7D300ECAC41 /* 문자열_정렬하기_1.swift */,
				1C3C92ED2A76ABB100B0B5FC /* 아이스_아메리카노.swift */,
				1C3C92EF2A76ABE500B0B5FC /* 정수_찾기.swift */,
				1C3C92F12A76AC2100B0B5FC /* rny_string.swift */,
				1CC7E2062A78A76500ECAC41 /* 문자열 정렬하기_2.swift */,
				1C3C92F32A76AC5000B0B5FC /* 수열과_구간_쿼리_2.swift */,
				1C3C92F52A76AC8400B0B5FC /* 할_일_목록.swift */,
				1C3C92F72A76ACB100B0B5FC /* 뒤에서_5등_위로.swift */,
				1C3C92F92A76ACE100B0B5FC /* 순서_바꾸기.swift */,
				1CC7E1E92A77873300ECAC41 /* 원하는_문자열_찾기.swift */,
				1CC7E1EB2A77878100ECAC41 /* 점의_위치_구하기.swift */,
				1CC7E1ED2A7787AD00ECAC41 /* 피자_나눠_먹기_1.swift */,
				1CC7E1EF2A7787DC00ECAC41 /* 피자_나눠_먹기_2.swift */,
				1CC7E1F12A77880900ECAC41 /* 피자_나눠_먹기_3.swift */,
				1CC7E1F32A78A1AA00ECAC41 /* 삼각형의_완성조건_1.swift */,
				1CC7E1F52A78A1E400ECAC41 /* 삼각형의_완성조건_2.swift */,
				1CC7E1F72A78A21900ECAC41 /* 직각삼각형_출력하기.swift */,
				1CC7E1FA2A78A24800ECAC41 /* n개_간격의_원소들.swift */,
				1CC7E1FC2A78A27F00ECAC41 /* 제곱수_판별하기.swift */,
				1CC7E1FE2A78A2AC00ECAC41 /* 최댓값_만들기_1.swift */,
			);
			path = BeginnerLevel;
			sourceTree = "<group>";
		};
/* End PBXGroup section */

/* Begin PBXNativeTarget section */
		1CFD572A2A67BF00005336D6 /* SwiftKick */ = {
			isa = PBXNativeTarget;
			buildConfigurationList = 1CFD57322A67BF00005336D6 /* Build configuration list for PBXNativeTarget "SwiftKick" */;
			buildPhases = (
				1CFD57272A67BF00005336D6 /* Sources */,
				1CFD57282A67BF00005336D6 /* Frameworks */,
				1CFD57292A67BF00005336D6 /* CopyFiles */,
			);
			buildRules = (
			);
			dependencies = (
			);
			name = SwiftKick;
			productName = SwiftKick;
			productReference = 1CFD572B2A67BF00005336D6 /* SwiftKick */;
			productType = "com.apple.product-type.tool";
		};
/* End PBXNativeTarget section */

/* Begin PBXProject section */
		1CFD57232A67BF00005336D6 /* Project object */ = {
			isa = PBXProject;
			attributes = {
				BuildIndependentTargetsInParallel = 1;
				LastSwiftUpdateCheck = 1430;
				LastUpgradeCheck = 1430;
				TargetAttributes = {
					1CFD572A2A67BF00005336D6 = {
						CreatedOnToolsVersion = 14.3.1;
					};
				};
			};
			buildConfigurationList = 1CFD57262A67BF00005336D6 /* Build configuration list for PBXProject "SwiftKick" */;
			compatibilityVersion = "Xcode 14.0";
			developmentRegion = en;
			hasScannedForEncodings = 0;
			knownRegions = (
				en,
				Base,
			);
			mainGroup = 1CFD57222A67BF00005336D6;
			productRefGroup = 1CFD572C2A67BF00005336D6 /* Products */;
			projectDirPath = "";
			projectRoot = "";
			targets = (
				1CFD572A2A67BF00005336D6 /* SwiftKick */,
			);
		};
/* End PBXProject section */

/* Begin PBXSourcesBuildPhase section */
		1CFD57272A67BF00005336D6 /* Sources */ = {
			isa = PBXSourcesBuildPhase;
			buildActionMask = 2147483647;
			files = (
				1C3C92D82A7394BE00B0B5FC /* 마지막_두_원소.swift in Sources */,
				1CC7E2052A78A43500ECAC41 /* 최빈값_구하기.swift in Sources */,
				1C13A21C2A6E99860023B72E /* 문자열_뒤의_n글자.swift in Sources */,
				1CC7E1EC2A77878100ECAC41 /* 점의_위치_구하기.swift in Sources */,
				1CC7E1EE2A7787AD00ECAC41 /* 피자_나눠_먹기_1.swift in Sources */,
				1CA90EB42A693F68001A7667 /* 코드_처리하기.swift in Sources */,
				1CC7E1F82A78A21900ECAC41 /* 직각삼각형_출력하기.swift in Sources */,
				1C13A2162A6E98CA0023B72E /* 정수_부분.swift in Sources */,
				1CA90EB22A693F09001A7667 /* 조건_문자열.swift in Sources */,
				1C3C92E42A755A6E00B0B5FC /* 문자열_겹쳐쓰기.swift in Sources */,
				1C13A2122A6D45BF0023B72E /* 이어_붙인_수.swift in Sources */,
				1CFD573F2A67CCE2005336D6 /* Flag에_따라_다른_값_반환하기.swift in Sources */,
				1CA90EB82A69400F001A7667 /* 문자_리스트를_문자열로_반환하기.swift in Sources */,
				1C3C92E02A73988200B0B5FC /* 글자_이어_붙여_문자열_만들기.swift in Sources */,
				1C13A20C2A6D44A10023B72E /* 원소들의_곱과_합.swift in Sources */,
				1CC7E1F02A7787DC00ECAC41 /* 피자_나눠_먹기_2.swift in Sources */,
				1C3C92F82A76ACB100B0B5FC /* 뒤에서_5등_위로.swift in Sources */,
				1C3C92EC2A755B5700B0B5FC /* 콜라츠_수열_만들기.swift in Sources */,
				1C13A21E2A6E99C10023B72E /* 카운트_다운.swift in Sources */,
				1CC7E1F22A77880900ECAC41 /* 피자_나눠_먹기_3.swift in Sources */,
				1C13A2092A6D44590023B72E /* 배열의_원소만큼_추가하기.swift in Sources */,
				1CC7E1F62A78A1E400ECAC41 /* 삼각형의_완성조건_2.swift in Sources */,
				1CC7E1F42A78A1AA00ECAC41 /* 삼각형의_완성조건_1.swift in Sources */,
				1CA90EBE2A6940AA001A7667 /* 수_조작하기_2.swift in Sources */,
				1C3C92EE2A76ABB100B0B5FC /* 아이스_아메리카노.swift in Sources */,
				1C3C92E22A7398B200B0B5FC /* 문자열_정수의_합.swift in Sources */,
				1C13A21A2A6E99400023B72E /* 꼬리_문자열.swift in Sources */,
				1C3C92F02A76ABE500B0B5FC /* 정수_찾기.swift in Sources */,
				1CC7E1EA2A77873300ECAC41 /* 원하는_문자열_찾기.swift in Sources */,
				1C3C92E62A755A9F00B0B5FC /* 길이에_따른_연산.swift in Sources */,
				1CFD57392A67C280005336D6 /* 문자열_곱하기.swift in Sources */,
				1C3C92E82A755ACD00B0B5FC /* 배열_만들기_1.swift in Sources */,
				1CFD573D2A67C86A005336D6 /* 공배수.swift in Sources */,
				1C3C92FA2A76ACE100B0B5FC /* 순서_바꾸기.swift in Sources */,
				1C3C92DC2A73980400B0B5FC /* 주사위_게임_1.swift in Sources */,
				1CC7E1FB2A78A24800ECAC41 /* n개_간격의_원소들.swift in Sources */,
				1C3C92F42A76AC5000B0B5FC /* 수열과_구간_쿼리_2.swift in Sources */,
				1CFD572F2A67BF00005336D6 /* main.swift in Sources */,
				1C13A20E2A6D44ED0023B72E /* 조건에_맞게_수열_반환하기_1.swift in Sources */,
				1C3C92F22A76AC2100B0B5FC /* rny_string.swift in Sources */,
				1CA90EAE2A6930B0001A7667 /* 두_수의_연산값_비교하기.swift in Sources */,
				1C13A2182A6E990E0023B72E /* 공백으로_구분하기_1.swift in Sources */,
				1CC7E2032A78A3EE00ECAC41 /* 몫_구하기.swift in Sources */,
				1C3C92DE2A73983200B0B5FC /* 주사위_게임_2.swift in Sources */,
				1CC7E1FF2A78A2AC00ECAC41 /* 최댓값_만들기_1.swift in Sources */,
				1CA90EBA2A694043001A7667 /* 간단한_논리_연산.swift in Sources */,
				1C13A2102A6D45610023B72E /* 조건에_맞게_수열_반환하기_2.swift in Sources */,
				1CA90EBC2A694090001A7667 /* 수_조작하기_1.swift in Sources */,
				1CC7E2072A78A76500ECAC41 /* 문자열 정렬하기_2.swift in Sources */,
				1C3C92F62A76AC8400B0B5FC /* 할_일_목록.swift in Sources */,
				1CA90EB02A693EB6001A7667 /* 홀짝에_따라_다른_값_반환하기.swift in Sources */,
				1CC7E2012A78A2DC00ECAC41 /* 최댓값_만들기_2.swift in Sources */,
				1CA90EB62A693F9F001A7667 /* 카운트업.swift in Sources */,
				1C3C92DA2A7397C500B0B5FC /* 접미사인지_확인하기.swift in Sources */,
				1C13A2142A6D45FD0023B72E /* 조건에_맞게_수열_반환하기_3.swift in Sources */,
				1C3C92EA2A755AFD00B0B5FC /* 배열_만들기_3.swift in Sources */,
				1CC7E2092A78A7D300ECAC41 /* 문자열_정렬하기_1.swift in Sources */,
				1CC7E1FD2A78A27F00ECAC41 /* 제곱수_판별하기.swift in Sources */,
				1CFD573B2A67C5C4005336D6 /* 더_크게_합치기.swift in Sources */,
			);
			runOnlyForDeploymentPostprocessing = 0;
		};
/* End PBXSourcesBuildPhase section */

/* Begin XCBuildConfiguration section */
		1CFD57302A67BF00005336D6 /* Debug */ = {
			isa = XCBuildConfiguration;
			buildSettings = {
				ALWAYS_SEARCH_USER_PATHS = NO;
				CLANG_ANALYZER_NONNULL = YES;
				CLANG_ANALYZER_NUMBER_OBJECT_CONVERSION = YES_AGGRESSIVE;
				CLANG_CXX_LANGUAGE_STANDARD = "gnu++20";
				CLANG_ENABLE_MODULES = YES;
				CLANG_ENABLE_OBJC_ARC = YES;
				CLANG_ENABLE_OBJC_WEAK = YES;
				CLANG_WARN_BLOCK_CAPTURE_AUTORELEASING = YES;
				CLANG_WARN_BOOL_CONVERSION = YES;
				CLANG_WARN_COMMA = YES;
				CLANG_WARN_CONSTANT_CONVERSION = YES;
				CLANG_WARN_DEPRECATED_OBJC_IMPLEMENTATIONS = YES;
				CLANG_WARN_DIRECT_OBJC_ISA_USAGE = YES_ERROR;
				CLANG_WARN_DOCUMENTATION_COMMENTS = YES;
				CLANG_WARN_EMPTY_BODY = YES;
				CLANG_WARN_ENUM_CONVERSION = YES;
				CLANG_WARN_INFINITE_RECURSION = YES;
				CLANG_WARN_INT_CONVERSION = YES;
				CLANG_WARN_NON_LITERAL_NULL_CONVERSION = YES;
				CLANG_WARN_OBJC_IMPLICIT_RETAIN_SELF = YES;
				CLANG_WARN_OBJC_LITERAL_CONVERSION = YES;
				CLANG_WARN_OBJC_ROOT_CLASS = YES_ERROR;
				CLANG_WARN_QUOTED_INCLUDE_IN_FRAMEWORK_HEADER = YES;
				CLANG_WARN_RANGE_LOOP_ANALYSIS = YES;
				CLANG_WARN_STRICT_PROTOTYPES = YES;
				CLANG_WARN_SUSPICIOUS_MOVE = YES;
				CLANG_WARN_UNGUARDED_AVAILABILITY = YES_AGGRESSIVE;
				CLANG_WARN_UNREACHABLE_CODE = YES;
				CLANG_WARN__DUPLICATE_METHOD_MATCH = YES;
				COPY_PHASE_STRIP = NO;
				DEBUG_INFORMATION_FORMAT = dwarf;
				ENABLE_STRICT_OBJC_MSGSEND = YES;
				ENABLE_TESTABILITY = YES;
				GCC_C_LANGUAGE_STANDARD = gnu11;
				GCC_DYNAMIC_NO_PIC = NO;
				GCC_NO_COMMON_BLOCKS = YES;
				GCC_OPTIMIZATION_LEVEL = 0;
				GCC_PREPROCESSOR_DEFINITIONS = (
					"DEBUG=1",
					"$(inherited)",
				);
				GCC_WARN_64_TO_32_BIT_CONVERSION = YES;
				GCC_WARN_ABOUT_RETURN_TYPE = YES_ERROR;
				GCC_WARN_UNDECLARED_SELECTOR = YES;
				GCC_WARN_UNINITIALIZED_AUTOS = YES_AGGRESSIVE;
				GCC_WARN_UNUSED_FUNCTION = YES;
				GCC_WARN_UNUSED_VARIABLE = YES;
				MACOSX_DEPLOYMENT_TARGET = 13.3;
				MTL_ENABLE_DEBUG_INFO = INCLUDE_SOURCE;
				MTL_FAST_MATH = YES;
				ONLY_ACTIVE_ARCH = YES;
				SDKROOT = macosx;
				SWIFT_ACTIVE_COMPILATION_CONDITIONS = DEBUG;
				SWIFT_OPTIMIZATION_LEVEL = "-Onone";
			};
			name = Debug;
		};
		1CFD57312A67BF00005336D6 /* Release */ = {
			isa = XCBuildConfiguration;
			buildSettings = {
				ALWAYS_SEARCH_USER_PATHS = NO;
				CLANG_ANALYZER_NONNULL = YES;
				CLANG_ANALYZER_NUMBER_OBJECT_CONVERSION = YES_AGGRESSIVE;
				CLANG_CXX_LANGUAGE_STANDARD = "gnu++20";
				CLANG_ENABLE_MODULES = YES;
				CLANG_ENABLE_OBJC_ARC = YES;
				CLANG_ENABLE_OBJC_WEAK = YES;
				CLANG_WARN_BLOCK_CAPTURE_AUTORELEASING = YES;
				CLANG_WARN_BOOL_CONVERSION = YES;
				CLANG_WARN_COMMA = YES;
				CLANG_WARN_CONSTANT_CONVERSION = YES;
				CLANG_WARN_DEPRECATED_OBJC_IMPLEMENTATIONS = YES;
				CLANG_WARN_DIRECT_OBJC_ISA_USAGE = YES_ERROR;
				CLANG_WARN_DOCUMENTATION_COMMENTS = YES;
				CLANG_WARN_EMPTY_BODY = YES;
				CLANG_WARN_ENUM_CONVERSION = YES;
				CLANG_WARN_INFINITE_RECURSION = YES;
				CLANG_WARN_INT_CONVERSION = YES;
				CLANG_WARN_NON_LITERAL_NULL_CONVERSION = YES;
				CLANG_WARN_OBJC_IMPLICIT_RETAIN_SELF = YES;
				CLANG_WARN_OBJC_LITERAL_CONVERSION = YES;
				CLANG_WARN_OBJC_ROOT_CLASS = YES_ERROR;
				CLANG_WARN_QUOTED_INCLUDE_IN_FRAMEWORK_HEADER = YES;
				CLANG_WARN_RANGE_LOOP_ANALYSIS = YES;
				CLANG_WARN_STRICT_PROTOTYPES = YES;
				CLANG_WARN_SUSPICIOUS_MOVE = YES;
				CLANG_WARN_UNGUARDED_AVAILABILITY = YES_AGGRESSIVE;
				CLANG_WARN_UNREACHABLE_CODE = YES;
				CLANG_WARN__DUPLICATE_METHOD_MATCH = YES;
				COPY_PHASE_STRIP = NO;
				DEBUG_INFORMATION_FORMAT = "dwarf-with-dsym";
				ENABLE_NS_ASSERTIONS = NO;
				ENABLE_STRICT_OBJC_MSGSEND = YES;
				GCC_C_LANGUAGE_STANDARD = gnu11;
				GCC_NO_COMMON_BLOCKS = YES;
				GCC_WARN_64_TO_32_BIT_CONVERSION = YES;
				GCC_WARN_ABOUT_RETURN_TYPE = YES_ERROR;
				GCC_WARN_UNDECLARED_SELECTOR = YES;
				GCC_WARN_UNINITIALIZED_AUTOS = YES_AGGRESSIVE;
				GCC_WARN_UNUSED_FUNCTION = YES;
				GCC_WARN_UNUSED_VARIABLE = YES;
				MACOSX_DEPLOYMENT_TARGET = 13.3;
				MTL_ENABLE_DEBUG_INFO = NO;
				MTL_FAST_MATH = YES;
				SDKROOT = macosx;
				SWIFT_COMPILATION_MODE = wholemodule;
				SWIFT_OPTIMIZATION_LEVEL = "-O";
			};
			name = Release;
		};
		1CFD57332A67BF00005336D6 /* Debug */ = {
			isa = XCBuildConfiguration;
			buildSettings = {
				CODE_SIGN_STYLE = Automatic;
				DEVELOPMENT_TEAM = 4CLS27ED5N;
				ENABLE_HARDENED_RUNTIME = YES;
				PRODUCT_NAME = "$(TARGET_NAME)";
				SWIFT_VERSION = 5.0;
			};
			name = Debug;
		};
		1CFD57342A67BF00005336D6 /* Release */ = {
			isa = XCBuildConfiguration;
			buildSettings = {
				CODE_SIGN_STYLE = Automatic;
				DEVELOPMENT_TEAM = 4CLS27ED5N;
				ENABLE_HARDENED_RUNTIME = YES;
				PRODUCT_NAME = "$(TARGET_NAME)";
				SWIFT_VERSION = 5.0;
			};
			name = Release;
		};
/* End XCBuildConfiguration section */

/* Begin XCConfigurationList section */
		1CFD57262A67BF00005336D6 /* Build configuration list for PBXProject "SwiftKick" */ = {
			isa = XCConfigurationList;
			buildConfigurations = (
				1CFD57302A67BF00005336D6 /* Debug */,
				1CFD57312A67BF00005336D6 /* Release */,
			);
			defaultConfigurationIsVisible = 0;
			defaultConfigurationName = Release;
		};
		1CFD57322A67BF00005336D6 /* Build configuration list for PBXNativeTarget "SwiftKick" */ = {
			isa = XCConfigurationList;
			buildConfigurations = (
				1CFD57332A67BF00005336D6 /* Debug */,
				1CFD57342A67BF00005336D6 /* Release */,
			);
			defaultConfigurationIsVisible = 0;
			defaultConfigurationName = Release;
		};
/* End XCConfigurationList section */
	};
	rootObject = 1CFD57232A67BF00005336D6 /* Project object */;
}
